
Microsoft Visual Studio Solution File, Format Version 12.00
# Visual Studio Version 16
VisualStudioVersion = 16.0.29519.87
MinimumVisualStudioVersion = 10.0.40219.1
Project("{FAE04EC0-301F-11D3-BF4B-00C04F79EFBC}") = "MetaCortex.ApplicationTask", "MetaCortex.ApplicationTask\MetaCortex.ApplicationTask.csproj", "{39CA4F59-C41A-447F-8115-26CFE8895DAB}"
EndProject
Global
	GlobalSection(SolutionConfigurationPlatforms) = preSolution
		Debug|Any CPU = Debug|Any CPU
		Release|Any CPU = Release|Any CPU
	EndGlobalSection
	GlobalSection(ProjectConfigurationPlatforms) = postSolution
		{39CA4F59-C41A-447F-8115-26CFE8895DAB}.Debug|Any CPU.ActiveCfg = Debug|Any CPU
		{39CA4F59-C41A-447F-8115-26CFE8895DAB}.Debug|Any CPU.Build.0 = Debug|Any CPU
		{39CA4F59-C41A-447F-8115-26CFE8895DAB}.Release|Any CPU.ActiveCfg = Release|Any CPU
		{39CA4F59-C41A-447F-8115-26CFE8895DAB}.Release|Any CPU.Build.0 = Release|Any CPU
	EndGlobalSection
	GlobalSection(SolutionProperties) = preSolution
		HideSolutionNode = FALSE
	EndGlobalSection
	GlobalSection(ExtensibilityGlobals) = postSolution
		SolutionGuid = {078FF558-4037-42FE-98C3-13511118B0B9}
	EndGlobalSection
EndGlobal
